<?xml version="1.0" encoding="utf-8"?>
<Project ToolsVersion="4.0" xmlns="http://schemas.microsoft.com/developer/msbuild/2003">
  <ItemGroup>
    <Filter Include="Source Files">
      <UniqueIdentifier>{4FC737F1-C7A5-4376-A066-2A32D752A2FF}</UniqueIdentifier>
      <Extensions>cpp;c;cc;cxx;c++;cppm;ixx;def;odl;idl;hpj;bat;asm;asmx</Extensions>
    </Filter>
    <Filter Include="Header Files">
      <UniqueIdentifier>{93995380-89BD-4b04-88EB-625FBE52EBFB}</UniqueIdentifier>
      <Extensions>h;hh;hpp;hxx;h++;hm;inl;inc;ipp;xsd</Extensions>
    </Filter>
    <Filter Include="Resource Files">
      <UniqueIdentifier>{67DA6AB6-F800-4c08-8B7A-83BB121AAD01}</UniqueIdentifier>
      <Extensions>rc;ico;cur;bmp;dlg;rc2;rct;bin;rgs;gif;jpg;jpeg;jpe;resx;tiff;tif;png;wav;mfcribbon-ms</Extensions>
    </Filter>
  </ItemGroup>
  <ItemGroup>
    <None Include=".gitattributes" />
    <None Include=".gitignore" />
    <None Include="AddSubMods.bat">
      <Filter>Source Files</Filter>
    </None>
    <None Include="UpdateSubMods.bat">
      <Filter>Source Files</Filter>
    </None>
    <None Include=".gitmodules" />
    <None Include="src\resources\shaders\SimpleShader.vert" />
    <None Include="src\resources\shaders\SimpleShader.frag" />
    <None Include="cpp.hint" />
    <None Include="CompileShaders.bat">
      <Filter>Source Files</Filter>
    </None>
  </ItemGroup>
  <ItemGroup>
    <ClCompile Include="Main.cpp">
      <Filter>Source Files</Filter>
    </ClCompile>
    <ClCompile Include="src\VulkanWindow.cpp">
      <Filter>Source Files</Filter>
    </ClCompile>
    <ClCompile Include="src\FirstApp.cpp">
      <Filter>Source Files</Filter>
    </ClCompile>
    <ClCompile Include="src\VulkanPipeline.cpp">
      <Filter>Source Files</Filter>
    </ClCompile>
    <ClCompile Include="src\VulkanDevice.cpp">
      <Filter>Source Files</Filter>
    </ClCompile>
    <ClCompile Include="src\VulkanSwapChain.cpp">
      <Filter>Source Files</Filter>
    </ClCompile>
    <ClCompile Include="pch.cpp">
      <Filter>Source Files</Filter>
    </ClCompile>
    <ClCompile Include="src\VulkanRenderer.cpp">
      <Filter>Source Files</Filter>
    </ClCompile>
    <ClCompile Include="src\VulkanContext.cpp">
      <Filter>Source Files</Filter>
    </ClCompile>
    <ClCompile Include="src\Vulkan.cpp">
      <Filter>Source Files</Filter>
    </ClCompile>
    <ClCompile Include="src\VulkanBuffer.cpp">
      <Filter>Source Files</Filter>
    </ClCompile>
    <ClCompile Include="src\VulkanAllocator.cpp">
      <Filter>Source Files</Filter>
    </ClCompile>
    <ClCompile Include="deps\include\vma\vk_mem_alloc.cpp">
      <Filter>Source Files</Filter>
    </ClCompile>
    <ClCompile Include="src\VulkanDescriptors.cpp">
      <Filter>Source Files</Filter>
    </ClCompile>
    <ClCompile Include="src\VulkanImage.cpp">
      <Filter>Source Files</Filter>
    </ClCompile>
    <ClCompile Include="src\VulkanTexture.cpp">
      <Filter>Source Files</Filter>
    </ClCompile>
    <ClCompile Include="deps\include\stb_image\stb_image.cpp">
      <Filter>Source Files</Filter>
    </ClCompile>
  </ItemGroup>
  <ItemGroup>
    <Library Include="deps\libraries\vulkan\dxcompiler.lib" />
    <Library Include="deps\libraries\vulkan\GenericCodeGen.lib" />
    <Library Include="deps\libraries\vulkan\GenericCodeGend.lib" />
    <Library Include="deps\libraries\vulkan\glslang.lib" />
    <Library Include="deps\libraries\vulkan\glslangd.lib" />
    <Library Include="deps\libraries\vulkan\glslang-default-resource-limits.lib" />
    <Library Include="deps\libraries\vulkan\glslang-default-resource-limitsd.lib" />
    <Library Include="deps\libraries\vulkan\HLSL.lib" />
    <Library Include="deps\libraries\vulkan\HLSLd.lib" />
    <Library Include="deps\libraries\vulkan\MachineIndependent.lib" />
    <Library Include="deps\libraries\vulkan\MachineIndependentd.lib" />
    <Library Include="deps\libraries\vulkan\OGLCompiler.lib" />
    <Library Include="deps\libraries\vulkan\OGLCompilerd.lib" />
    <Library Include="deps\libraries\vulkan\OSDependent.lib" />
    <Library Include="deps\libraries\vulkan\OSDependentd.lib" />
    <Library Include="deps\libraries\vulkan\shaderc.lib" />
    <Library Include="deps\libraries\vulkan\shaderc_combined.lib" />
    <Library Include="deps\libraries\vulkan\shaderc_combinedd.lib" />
    <Library Include="deps\libraries\vulkan\shaderc_shared.lib" />
    <Library Include="deps\libraries\vulkan\shaderc_sharedd.lib" />
    <Library Include="deps\libraries\vulkan\shaderc_util.lib" />
    <Library Include="deps\libraries\vulkan\shaderc_utild.lib" />
    <Library Include="deps\libraries\vulkan\shadercd.lib" />
    <Library Include="deps\libraries\vulkan\SPIRV.lib" />
    <Library Include="deps\libraries\vulkan\spirv-cross-c.lib" />
    <Library Include="deps\libraries\vulkan\spirv-cross-cd.lib" />
    <Library Include="deps\libraries\vulkan\spirv-cross-core.lib" />
    <Library Include="deps\libraries\vulkan\spirv-cross-cored.lib" />
    <Library Include="deps\libraries\vulkan\spirv-cross-cpp.lib" />
    <Library Include="deps\libraries\vulkan\spirv-cross-cppd.lib" />
    <Library Include="deps\libraries\vulkan\spirv-cross-c-shared.lib" />
    <Library Include="deps\libraries\vulkan\spirv-cross-c-sharedd.lib" />
    <Library Include="deps\libraries\vulkan\spirv-cross-glsl.lib" />
    <Library Include="deps\libraries\vulkan\spirv-cross-glsld.lib" />
    <Library Include="deps\libraries\vulkan\spirv-cross-hlsl.lib" />
    <Library Include="deps\libraries\vulkan\spirv-cross-hlsld.lib" />
    <Library Include="deps\libraries\vulkan\spirv-cross-msl.lib" />
    <Library Include="deps\libraries\vulkan\spirv-cross-msld.lib" />
    <Library Include="deps\libraries\vulkan\spirv-cross-reflect.lib" />
    <Library Include="deps\libraries\vulkan\spirv-cross-reflectd.lib" />
    <Library Include="deps\libraries\vulkan\spirv-cross-util.lib" />
    <Library Include="deps\libraries\vulkan\spirv-cross-utild.lib" />
    <Library Include="deps\libraries\vulkan\SPIRVd.lib" />
    <Library Include="deps\libraries\vulkan\SPIRV-Tools.lib" />
    <Library Include="deps\libraries\vulkan\SPIRV-Toolsd.lib" />
    <Library Include="deps\libraries\vulkan\SPIRV-Tools-link.lib" />
    <Library Include="deps\libraries\vulkan\SPIRV-Tools-linkd.lib" />
    <Library Include="deps\libraries\vulkan\SPIRV-Tools-lint.lib" />
    <Library Include="deps\libraries\vulkan\SPIRV-Tools-lintd.lib" />
    <Library Include="deps\libraries\vulkan\SPIRV-Tools-opt.lib" />
    <Library Include="deps\libraries\vulkan\SPIRV-Tools-optd.lib" />
    <Library Include="deps\libraries\vulkan\SPIRV-Tools-reduce.lib" />
    <Library Include="deps\libraries\vulkan\SPIRV-Tools-reduced.lib" />
    <Library Include="deps\libraries\vulkan\SPIRV-Tools-shared.lib" />
    <Library Include="deps\libraries\vulkan\SPIRV-Tools-sharedd.lib" />
    <Library Include="deps\libraries\vulkan\SPVRemapper.lib" />
    <Library Include="deps\libraries\vulkan\SPVRemapperd.lib" />
    <Library Include="deps\libraries\vulkan\VkLayer_utils.lib" />
    <Library Include="deps\libraries\vulkan\vulkan-1.lib" />
  </ItemGroup>
  <ItemGroup>
    <ClInclude Include="src\VulkanWindow.h">
      <Filter>Header Files</Filter>
    </ClInclude>
    <ClInclude Include="src\FirstApp.h">
      <Filter>Header Files</Filter>
    </ClInclude>
    <ClInclude Include="src\VulkanPipeline.h">
      <Filter>Header Files</Filter>
    </ClInclude>
    <ClInclude Include="src\VulkanDevice.h">
      <Filter>Header Files</Filter>
    </ClInclude>
    <ClInclude Include="src\VulkanSwapChain.h">
      <Filter>Header Files</Filter>
    </ClInclude>
    <ClInclude Include="pch.h">
      <Filter>Header Files</Filter>
    </ClInclude>
    <ClInclude Include="src\VulkanRenderer.h">
      <Filter>Header Files</Filter>
    </ClInclude>
    <ClInclude Include="src\VulkanContext.h">
      <Filter>Header Files</Filter>
    </ClInclude>
    <ClInclude Include="Fwd.hpp">
      <Filter>Header Files</Filter>
    </ClInclude>
    <ClInclude Include="src\Vulkan.h">
      <Filter>Header Files</Filter>
    </ClInclude>
    <ClInclude Include="src\VulkanBuffer.h">
      <Filter>Header Files</Filter>
    </ClInclude>
    <ClInclude Include="src\VulkanAllocator.h">
      <Filter>Header Files</Filter>
    </ClInclude>
    <ClInclude Include="src\VulkanDescriptors.h">
      <Filter>Header Files</Filter>
    </ClInclude>
    <ClInclude Include="src\VulkanImage.h">
      <Filter>Header Files</Filter>
    </ClInclude>
    <ClInclude Include="src\VulkanTexture.h">
      <Filter>Header Files</Filter>
    </ClInclude>
  </ItemGroup>
</Project>